
Microsoft Visual Studio Solution File, Format Version 12.00
# Visual Studio Version 16
VisualStudioVersion = 16.0.30611.23
MinimumVisualStudioVersion = 10.0.40219.1
Project("{FAE04EC0-301F-11D3-BF4B-00C04F79EFBC}") = "ProstySkanerTCPWielowatkowy", "ProstySkanerTCPWielowatkowy.csproj", "{F89EE07D-8039-44EA-B36F-318052AE6257}"
EndProject
Global
	GlobalSection(SolutionConfigurationPlatforms) = preSolution
		Debug|Any CPU = Debug|Any CPU
		Release|Any CPU = Release|Any CPU
	EndGlobalSection
	GlobalSection(ProjectConfigurationPlatforms) = postSolution
		{F89EE07D-8039-44EA-B36F-318052AE6257}.Debug|Any CPU.ActiveCfg = Debug|Any CPU
		{F89EE07D-8039-44EA-B36F-318052AE6257}.Debug|Any CPU.Build.0 = Debug|Any CPU
		{F89EE07D-8039-44EA-B36F-318052AE6257}.Release|Any CPU.ActiveCfg = Release|Any CPU
		{F89EE07D-8039-44EA-B36F-318052AE6257}.Release|Any CPU.Build.0 = Release|Any CPU
	EndGlobalSection
	GlobalSection(SolutionProperties) = preSolution
		HideSolutionNode = FALSE
	EndGlobalSection
	GlobalSection(ExtensibilityGlobals) = postSolution
		SolutionGuid = {8A19CDFB-E116-4E6E-A9D6-10A36E6C1D7E}
	EndGlobalSection
EndGlobal
